
Microsoft Visual Studio Solution File, Format Version 12.00
# Visual Studio Version 16
VisualStudioVersion = 16.0.29209.62
MinimumVisualStudioVersion = 10.0.40219.1
Project("{FAE04EC0-301F-11D3-BF4B-00C04F79EFBC}") = "Calc", "Calc\Calc.csproj", "{9F7F183E-311C-4CC0-96A1-E1C34D3267F4}"
EndProject
Global
	GlobalSection(SolutionConfigurationPlatforms) = preSolution
		Debug|Any CPU = Debug|Any CPU
		Release|Any CPU = Release|Any CPU
	EndGlobalSection
	GlobalSection(ProjectConfigurationPlatforms) = postSolution
		{9F7F183E-311C-4CC0-96A1-E1C34D3267F4}.Debug|Any CPU.ActiveCfg = Debug|Any CPU
		{9F7F183E-311C-4CC0-96A1-E1C34D3267F4}.Debug|Any CPU.Build.0 = Debug|Any CPU
		{9F7F183E-311C-4CC0-96A1-E1C34D3267F4}.Release|Any CPU.ActiveCfg = Release|Any CPU
		{9F7F183E-311C-4CC0-96A1-E1C34D3267F4}.Release|Any CPU.Build.0 = Release|Any CPU
	EndGlobalSection
	GlobalSection(SolutionProperties) = preSolution
		HideSolutionNode = FALSE
	EndGlobalSection
	GlobalSection(ExtensibilityGlobals) = postSolution
		SolutionGuid = {7856E2CC-4190-4807-B726-B1AD61632765}
	EndGlobalSection
EndGlobal
