
Microsoft Visual Studio Solution File, Format Version 12.00
# Visual Studio Version 16
VisualStudioVersion = 16.0.29215.179
MinimumVisualStudioVersion = 10.0.40219.1
Project("{FAE04EC0-301F-11D3-BF4B-00C04F79EFBC}") = "Veckodag", "Veckodag\Veckodag.csproj", "{CEEF8B15-7068-416A-9937-A0E9325A3ADC}"
EndProject
Global
	GlobalSection(SolutionConfigurationPlatforms) = preSolution
		Debug|Any CPU = Debug|Any CPU
		Release|Any CPU = Release|Any CPU
	EndGlobalSection
	GlobalSection(ProjectConfigurationPlatforms) = postSolution
		{CEEF8B15-7068-416A-9937-A0E9325A3ADC}.Debug|Any CPU.ActiveCfg = Debug|Any CPU
		{CEEF8B15-7068-416A-9937-A0E9325A3ADC}.Debug|Any CPU.Build.0 = Debug|Any CPU
		{CEEF8B15-7068-416A-9937-A0E9325A3ADC}.Release|Any CPU.ActiveCfg = Release|Any CPU
		{CEEF8B15-7068-416A-9937-A0E9325A3ADC}.Release|Any CPU.Build.0 = Release|Any CPU
	EndGlobalSection
	GlobalSection(SolutionProperties) = preSolution
		HideSolutionNode = FALSE
	EndGlobalSection
	GlobalSection(ExtensibilityGlobals) = postSolution
		SolutionGuid = {D2C4589C-6C5B-4788-8046-1B05DE12E740}
	EndGlobalSection
EndGlobal
