
Microsoft Visual Studio Solution File, Format Version 12.00
# Visual Studio Version 16
VisualStudioVersion = 16.0.29215.179
MinimumVisualStudioVersion = 10.0.40219.1
Project("{FAE04EC0-301F-11D3-BF4B-00C04F79EFBC}") = "Övning9.10", "Övning9.10\Övning9.10.csproj", "{1BB79D31-03A6-4A20-BD2C-C43DE9657082}"
EndProject
Global
	GlobalSection(SolutionConfigurationPlatforms) = preSolution
		Debug|Any CPU = Debug|Any CPU
		Release|Any CPU = Release|Any CPU
	EndGlobalSection
	GlobalSection(ProjectConfigurationPlatforms) = postSolution
		{1BB79D31-03A6-4A20-BD2C-C43DE9657082}.Debug|Any CPU.ActiveCfg = Debug|Any CPU
		{1BB79D31-03A6-4A20-BD2C-C43DE9657082}.Debug|Any CPU.Build.0 = Debug|Any CPU
		{1BB79D31-03A6-4A20-BD2C-C43DE9657082}.Release|Any CPU.ActiveCfg = Release|Any CPU
		{1BB79D31-03A6-4A20-BD2C-C43DE9657082}.Release|Any CPU.Build.0 = Release|Any CPU
	EndGlobalSection
	GlobalSection(SolutionProperties) = preSolution
		HideSolutionNode = FALSE
	EndGlobalSection
	GlobalSection(ExtensibilityGlobals) = postSolution
		SolutionGuid = {BCE5C7A3-D151-4575-BC3A-9948D6FEC672}
	EndGlobalSection
EndGlobal
